
Microsoft Visual Studio Solution File, Format Version 12.00
# Visual Studio Version 16
VisualStudioVersion = 25.0.1706.13
MinimumVisualStudioVersion = 10.0.40219.1
Project("{FAE04EC0-301F-11D3-BF4B-00C04F79EFBC}") = "SkillFactoryCSharp9ExceptionsDelegates", "SkillFactoryCSharp9ExceptionsDelegates\SkillFactoryCSharp9ExceptionsDelegates.csproj", "{18F3B929-7C05-4737-8F6B-B167D7C79159}"
EndProject
Global
	GlobalSection(SolutionConfigurationPlatforms) = preSolution
		Debug|Any CPU = Debug|Any CPU
		Release|Any CPU = Release|Any CPU
	EndGlobalSection
	GlobalSection(ProjectConfigurationPlatforms) = postSolution
		{18F3B929-7C05-4737-8F6B-B167D7C79159}.Debug|Any CPU.ActiveCfg = Debug|Any CPU
		{18F3B929-7C05-4737-8F6B-B167D7C79159}.Debug|Any CPU.Build.0 = Debug|Any CPU
		{18F3B929-7C05-4737-8F6B-B167D7C79159}.Release|Any CPU.ActiveCfg = Release|Any CPU
		{18F3B929-7C05-4737-8F6B-B167D7C79159}.Release|Any CPU.Build.0 = Release|Any CPU
	EndGlobalSection
	GlobalSection(SolutionProperties) = preSolution
		HideSolutionNode = FALSE
	EndGlobalSection
	GlobalSection(ExtensibilityGlobals) = postSolution
		SolutionGuid = {45803979-7A6B-45B1-A390-24732CFEBEC3}
	EndGlobalSection
EndGlobal
